
Microsoft Visual Studio Solution File, Format Version 12.00
# Visual Studio Version 17
VisualStudioVersion = 17.9.34616.47
MinimumVisualStudioVersion = 10.0.40219.1
Project("{FAE04EC0-301F-11D3-BF4B-00C04F79EFBC}") = "ToolMenagement", "ToolMenagement\ToolMenagement.csproj", "{AEBEB0F6-A865-4303-AB65-D1C0814D1CFA}"
EndProject
Global
	GlobalSection(SolutionConfigurationPlatforms) = preSolution
		Debug|Any CPU = Debug|Any CPU
		Release|Any CPU = Release|Any CPU
	EndGlobalSection
	GlobalSection(ProjectConfigurationPlatforms) = postSolution
		{AEBEB0F6-A865-4303-AB65-D1C0814D1CFA}.Debug|Any CPU.ActiveCfg = Debug|Any CPU
		{AEBEB0F6-A865-4303-AB65-D1C0814D1CFA}.Debug|Any CPU.Build.0 = Debug|Any CPU
		{AEBEB0F6-A865-4303-AB65-D1C0814D1CFA}.Release|Any CPU.ActiveCfg = Release|Any CPU
		{AEBEB0F6-A865-4303-AB65-D1C0814D1CFA}.Release|Any CPU.Build.0 = Release|Any CPU
	EndGlobalSection
	GlobalSection(SolutionProperties) = preSolution
		HideSolutionNode = FALSE
	EndGlobalSection
	GlobalSection(ExtensibilityGlobals) = postSolution
		SolutionGuid = {64E82BD7-3070-4A9F-ACE1-CD6FE7F33418}
	EndGlobalSection
EndGlobal
